
Microsoft Visual Studio Solution File, Format Version 12.00
# Visual Studio Version 17
VisualStudioVersion = 17.10.35027.167
MinimumVisualStudioVersion = 10.0.40219.1
Project("{FAE04EC0-301F-11D3-BF4B-00C04F79EFBC}") = "choczero-wms", "choczero-wms\choczero-wms.csproj", "{151613BF-39D9-4936-B5AD-8F0338662BCB}"
EndProject
Global
	GlobalSection(SolutionConfigurationPlatforms) = preSolution
		Debug|Any CPU = Debug|Any CPU
		Release|Any CPU = Release|Any CPU
	EndGlobalSection
	GlobalSection(ProjectConfigurationPlatforms) = postSolution
		{151613BF-39D9-4936-B5AD-8F0338662BCB}.Debug|Any CPU.ActiveCfg = Debug|Any CPU
		{151613BF-39D9-4936-B5AD-8F0338662BCB}.Debug|Any CPU.Build.0 = Debug|Any CPU
		{151613BF-39D9-4936-B5AD-8F0338662BCB}.Release|Any CPU.ActiveCfg = Release|Any CPU
		{151613BF-39D9-4936-B5AD-8F0338662BCB}.Release|Any CPU.Build.0 = Release|Any CPU
	EndGlobalSection
	GlobalSection(SolutionProperties) = preSolution
		HideSolutionNode = FALSE
	EndGlobalSection
	GlobalSection(ExtensibilityGlobals) = postSolution
		SolutionGuid = {F2DCD2F7-1426-4770-B756-5E13386E1637}
	EndGlobalSection
EndGlobal
